{
    "_readme": [
        "This file locks the dependencies of your project to a known state",
        "Read more about it at https://getcomposer.org/doc/01-basic-usage.md#composer-lock-the-lock-file",
        "This file is @generated automatically"
    ],
    "hash": "fb5d04fac14b07cf8e826ff9b9e3b745",
    "content-hash": "16c7314056abe039943ac3b2f5c60955",
    "packages": [
        {
            "name": "fire015/flintstone",
            "version": "v2.2",
            "source": {
                "type": "git",
                "url": "https://github.com/fire015/flintstone.git",
                "reference": "b507136fb5119c5d3be2c7530eb33a91a5bd0aff"
            },
            "dist": {
                "type": "zip",
                "url": "https://api.github.com/repos/fire015/flintstone/zipball/b507136fb5119c5d3be2c7530eb33a91a5bd0aff",
                "reference": "b507136fb5119c5d3be2c7530eb33a91a5bd0aff",
                "shasum": ""
            },
            "require": {
                "php": ">=7.0"
            },
            "require-dev": {
                "phpunit/phpunit": "^6"
            },
            "type": "library",
            "autoload": {
                "psr-4": {
                    "Flintstone\\": "src/"
                }
            },
            "notification-url": "https://packagist.org/downloads/",
            "license": [
                "MIT"
            ],
            "authors": [
                {
                    "name": "Jason M",
                    "email": "emailfire@gmail.com"
                }
            ],
            "description": "A key/value database store using flat files for PHP",
            "homepage": "http://www.xeweb.net/flintstone/",
            "keywords": [
                "cache",
                "database",
                "files",
                "flintstone",
                "memory"
            ],
            "time": "2019-03-12 12:12:25"
        },
        {
            "name": "parsecsv/php-parsecsv",
            "version": "1.1.1",
            "source": {
                "type": "git",
                "url": "https://github.com/parsecsv/parsecsv-for-php.git",
                "reference": "65566adcd3383da4820cd3bca27e51fe3fbaf15c"
            },
            "dist": {
                "type": "zip",
                "url": "https://api.github.com/repos/parsecsv/parsecsv-for-php/zipball/65566adcd3383da4820cd3bca27e51fe3fbaf15c",
                "reference": "65566adcd3383da4820cd3bca27e51fe3fbaf15c",
                "shasum": ""
            },
            "require": {
                "php": ">=5.5"
            },
            "require-dev": {
                "phpunit/phpunit": "4.1.*"
            },
            "suggest": {
                "illuminate/support": "Fluent array interface for map functions"
            },
            "type": "library",
            "autoload": {
                "psr-4": {
                    "ParseCsv\\": "src",
                    "ParseCsv\\extensions\\": "src\\extensions"
                }
            },
            "notification-url": "https://packagist.org/downloads/",
            "license": [
                "MIT"
            ],
            "authors": [
                {
                    "name": "Jim Myhrberg",
                    "email": "contact@jimeh.me"
                },
                {
                    "name": "William Knauss",
                    "email": "will.knauss@gmail.com"
                },
                {
                    "name": "Susann Sgorzaly",
                    "homepage": "https://github.com/susgo"
                },
                {
                    "name": "Christian Bläul",
                    "homepage": "https://github.com/Fonata"
                }
            ],
            "description": "CSV data parser for PHP",
            "time": "2019-02-02 19:40:45"
        }
    ],
    "packages-dev": [],
    "aliases": [],
    "minimum-stability": "stable",
    "stability-flags": [],
    "prefer-stable": false,
    "prefer-lowest": false,
    "platform": [],
    "platform-dev": []
}
